
Microsoft Visual Studio Solution File, Format Version 12.00
# Visual Studio Version 16
VisualStudioVersion = 16.0.28729.10
MinimumVisualStudioVersion = 10.0.40219.1
Project("{FAE04EC0-301F-11D3-BF4B-00C04F79EFBC}") = "SuperElevation", "GettingStarted\SuperElevation.csproj", "{A820A50E-B695-4DA8-BC67-102072E5A4DB}"
EndProject
Project("{FAE04EC0-301F-11D3-BF4B-00C04F79EFBC}") = "SuperTest", "SuperTest\SuperTest.csproj", "{EC1FE647-6D5C-4948-8E51-563F7736DDBC}"
EndProject
Global
	GlobalSection(SolutionConfigurationPlatforms) = preSolution
		Debug|Any CPU = Debug|Any CPU
		Release|Any CPU = Release|Any CPU
	EndGlobalSection
	GlobalSection(ProjectConfigurationPlatforms) = postSolution
		{A820A50E-B695-4DA8-BC67-102072E5A4DB}.Debug|Any CPU.ActiveCfg = Debug|Any CPU
		{A820A50E-B695-4DA8-BC67-102072E5A4DB}.Debug|Any CPU.Build.0 = Debug|Any CPU
		{A820A50E-B695-4DA8-BC67-102072E5A4DB}.Release|Any CPU.ActiveCfg = Release|Any CPU
		{A820A50E-B695-4DA8-BC67-102072E5A4DB}.Release|Any CPU.Build.0 = Release|Any CPU
		{EC1FE647-6D5C-4948-8E51-563F7736DDBC}.Debug|Any CPU.ActiveCfg = Debug|Any CPU
		{EC1FE647-6D5C-4948-8E51-563F7736DDBC}.Debug|Any CPU.Build.0 = Debug|Any CPU
		{EC1FE647-6D5C-4948-8E51-563F7736DDBC}.Release|Any CPU.ActiveCfg = Release|Any CPU
		{EC1FE647-6D5C-4948-8E51-563F7736DDBC}.Release|Any CPU.Build.0 = Release|Any CPU
	EndGlobalSection
	GlobalSection(SolutionProperties) = preSolution
		HideSolutionNode = FALSE
	EndGlobalSection
	GlobalSection(ExtensibilityGlobals) = postSolution
		SolutionGuid = {07EFD0B3-91F5-49BF-9A91-DCC92FBC57EB}
	EndGlobalSection
EndGlobal
